
Microsoft Visual Studio Solution File, Format Version 12.00
# Visual Studio Version 17
VisualStudioVersion = 17.0.31903.59
MinimumVisualStudioVersion = 10.0.40219.1
Project("{FAE04EC0-301F-11D3-BF4B-00C04F79EFBC}") = "UserAuthInMemoryApp", "UserAuthInMemoryApp\UserAuthInMemoryApp.csproj", "{2F41BC67-AAA1-4093-959F-F401C40F7CB6}"
EndProject
Project("{FAE04EC0-301F-11D3-BF4B-00C04F79EFBC}") = "ApiWithAuth", "ApiWithAuth\ApiWithAuth.csproj", "{EA5B95CB-2188-4158-B788-D65007275191}"
EndProject
Project("{FAE04EC0-301F-11D3-BF4B-00C04F79EFBC}") = "ApiWithGoogleAuth", "ApiWithGoogleAuth\ApiWithGoogleAuth.csproj", "{0646C65F-CFD5-4FCF-8F5D-C2B4A54CD301}"
EndProject
Project("{FAE04EC0-301F-11D3-BF4B-00C04F79EFBC}") = "OAuthServer", "OAuthServer\OAuthServer.csproj", "{5A659AD2-11C3-480D-BA15-C89B1215C8B0}"
EndProject
Global
	GlobalSection(SolutionConfigurationPlatforms) = preSolution
		Debug|Any CPU = Debug|Any CPU
		Release|Any CPU = Release|Any CPU
	EndGlobalSection
	GlobalSection(SolutionProperties) = preSolution
		HideSolutionNode = FALSE
	EndGlobalSection
	GlobalSection(ProjectConfigurationPlatforms) = postSolution
		{2F41BC67-AAA1-4093-959F-F401C40F7CB6}.Debug|Any CPU.ActiveCfg = Debug|Any CPU
		{2F41BC67-AAA1-4093-959F-F401C40F7CB6}.Debug|Any CPU.Build.0 = Debug|Any CPU
		{2F41BC67-AAA1-4093-959F-F401C40F7CB6}.Release|Any CPU.ActiveCfg = Release|Any CPU
		{2F41BC67-AAA1-4093-959F-F401C40F7CB6}.Release|Any CPU.Build.0 = Release|Any CPU
		{EA5B95CB-2188-4158-B788-D65007275191}.Debug|Any CPU.ActiveCfg = Debug|Any CPU
		{EA5B95CB-2188-4158-B788-D65007275191}.Debug|Any CPU.Build.0 = Debug|Any CPU
		{EA5B95CB-2188-4158-B788-D65007275191}.Release|Any CPU.ActiveCfg = Release|Any CPU
		{EA5B95CB-2188-4158-B788-D65007275191}.Release|Any CPU.Build.0 = Release|Any CPU
		{0646C65F-CFD5-4FCF-8F5D-C2B4A54CD301}.Debug|Any CPU.ActiveCfg = Debug|Any CPU
		{0646C65F-CFD5-4FCF-8F5D-C2B4A54CD301}.Debug|Any CPU.Build.0 = Debug|Any CPU
		{0646C65F-CFD5-4FCF-8F5D-C2B4A54CD301}.Release|Any CPU.ActiveCfg = Release|Any CPU
		{0646C65F-CFD5-4FCF-8F5D-C2B4A54CD301}.Release|Any CPU.Build.0 = Release|Any CPU
		{5A659AD2-11C3-480D-BA15-C89B1215C8B0}.Debug|Any CPU.ActiveCfg = Debug|Any CPU
		{5A659AD2-11C3-480D-BA15-C89B1215C8B0}.Debug|Any CPU.Build.0 = Debug|Any CPU
		{5A659AD2-11C3-480D-BA15-C89B1215C8B0}.Release|Any CPU.ActiveCfg = Release|Any CPU
		{5A659AD2-11C3-480D-BA15-C89B1215C8B0}.Release|Any CPU.Build.0 = Release|Any CPU
	EndGlobalSection
EndGlobal
